
Microsoft Visual Studio Solution File, Format Version 9.00
# Visual Studio 2005
Project("{8BC9CEB8-8B4A-11D0-8D11-00A0C91BC942}") = "Creature", "Projects\Creature\Creature.vcproj", "{D7059987-1E9A-427D-9CDD-76D0C3E2DACB}"
EndProject
Project("{8BC9CEB8-8B4A-11D0-8D11-00A0C91BC942}") = "Shapes", "Projects\Shapes\Shapes.vcproj", "{07B42F3E-C75B-4C41-983C-F7A9F8CE7D22}"
EndProject
Project("{8BC9CEB8-8B4A-11D0-8D11-00A0C91BC942}") = "Environment", "Projects\Environment\Environment.vcproj", "{EEA81598-A688-4171-8786-1C520E714072}"
EndProject
Project("{8BC9CEB8-8B4A-11D0-8D11-00A0C91BC942}") = "Genome", "Projects\Genome\Genome.vcproj", "{26CF7483-6AAD-486B-B940-B34AAE902C3D}"
EndProject
Project("{8BC9CEB8-8B4A-11D0-8D11-00A0C91BC942}") = "Graphics", "Projects\Graphics\Graphics.vcproj", "{6E6A2B4C-9E99-4DBF-A63E-A03EC65205B1}"
EndProject
Project("{8BC9CEB8-8B4A-11D0-8D11-00A0C91BC942}") = "Math", "Projects\Math\Math.vcproj", "{FD306D48-6BF2-4819-9EB4-9B6534BA0D27}"
EndProject
Project("{8BC9CEB8-8B4A-11D0-8D11-00A0C91BC942}") = "Physics", "Projects\Physics\Physics.vcproj", "{7257F500-0AEB-455F-8D67-15DC3FF18056}"
EndProject
Project("{8BC9CEB8-8B4A-11D0-8D11-00A0C91BC942}") = "Tools", "Projects\Tools\Tools.vcproj", "{6FCC7D75-E45D-4850-9156-10F726C79FB3}"
EndProject
Project("{8BC9CEB8-8B4A-11D0-8D11-00A0C91BC942}") = "WhirlingDervishEnvironment", "Projects\WhirlingDervishEnvironment\WhirlingDervishEnvironment.vcproj", "{EFD68A2D-1735-48F5-A7C5-0C0FA7B8BB48}"
	ProjectSection(ProjectDependencies) = postProject
		{EEA81598-A688-4171-8786-1C520E714072} = {EEA81598-A688-4171-8786-1C520E714072}
		{D7059987-1E9A-427D-9CDD-76D0C3E2DACB} = {D7059987-1E9A-427D-9CDD-76D0C3E2DACB}
		{26CF7483-6AAD-486B-B940-B34AAE902C3D} = {26CF7483-6AAD-486B-B940-B34AAE902C3D}
		{6FCC7D75-E45D-4850-9156-10F726C79FB3} = {6FCC7D75-E45D-4850-9156-10F726C79FB3}
		{FD306D48-6BF2-4819-9EB4-9B6534BA0D27} = {FD306D48-6BF2-4819-9EB4-9B6534BA0D27}
		{07B42F3E-C75B-4C41-983C-F7A9F8CE7D22} = {07B42F3E-C75B-4C41-983C-F7A9F8CE7D22}
		{7257F500-0AEB-455F-8D67-15DC3FF18056} = {7257F500-0AEB-455F-8D67-15DC3FF18056}
	EndProjectSection
EndProject
Project("{8BC9CEB8-8B4A-11D0-8D11-00A0C91BC942}") = "WhirlingDervishPlay", "Projects\WhirlingDervishPlay\WhirlingDervishPlay.vcproj", "{C9D9DFC2-A788-4C4E-8FC2-C068AC88C8BD}"
	ProjectSection(ProjectDependencies) = postProject
		{7257F500-0AEB-455F-8D67-15DC3FF18056} = {7257F500-0AEB-455F-8D67-15DC3FF18056}
		{07B42F3E-C75B-4C41-983C-F7A9F8CE7D22} = {07B42F3E-C75B-4C41-983C-F7A9F8CE7D22}
		{FD306D48-6BF2-4819-9EB4-9B6534BA0D27} = {FD306D48-6BF2-4819-9EB4-9B6534BA0D27}
		{6E6A2B4C-9E99-4DBF-A63E-A03EC65205B1} = {6E6A2B4C-9E99-4DBF-A63E-A03EC65205B1}
		{6FCC7D75-E45D-4850-9156-10F726C79FB3} = {6FCC7D75-E45D-4850-9156-10F726C79FB3}
		{26CF7483-6AAD-486B-B940-B34AAE902C3D} = {26CF7483-6AAD-486B-B940-B34AAE902C3D}
		{D7059987-1E9A-427D-9CDD-76D0C3E2DACB} = {D7059987-1E9A-427D-9CDD-76D0C3E2DACB}
		{EEA81598-A688-4171-8786-1C520E714072} = {EEA81598-A688-4171-8786-1C520E714072}
	EndProjectSection
EndProject
Global
	GlobalSection(SolutionConfigurationPlatforms) = preSolution
		Debug|Win32 = Debug|Win32
		Release|Win32 = Release|Win32
	EndGlobalSection
	GlobalSection(ProjectConfigurationPlatforms) = postSolution
		{D7059987-1E9A-427D-9CDD-76D0C3E2DACB}.Debug|Win32.ActiveCfg = Debug|Win32
		{D7059987-1E9A-427D-9CDD-76D0C3E2DACB}.Debug|Win32.Build.0 = Debug|Win32
		{D7059987-1E9A-427D-9CDD-76D0C3E2DACB}.Release|Win32.ActiveCfg = Release|Win32
		{D7059987-1E9A-427D-9CDD-76D0C3E2DACB}.Release|Win32.Build.0 = Release|Win32
		{07B42F3E-C75B-4C41-983C-F7A9F8CE7D22}.Debug|Win32.ActiveCfg = Debug|Win32
		{07B42F3E-C75B-4C41-983C-F7A9F8CE7D22}.Debug|Win32.Build.0 = Debug|Win32
		{07B42F3E-C75B-4C41-983C-F7A9F8CE7D22}.Release|Win32.ActiveCfg = Release|Win32
		{07B42F3E-C75B-4C41-983C-F7A9F8CE7D22}.Release|Win32.Build.0 = Release|Win32
		{EEA81598-A688-4171-8786-1C520E714072}.Debug|Win32.ActiveCfg = Debug|Win32
		{EEA81598-A688-4171-8786-1C520E714072}.Debug|Win32.Build.0 = Debug|Win32
		{EEA81598-A688-4171-8786-1C520E714072}.Release|Win32.ActiveCfg = Release|Win32
		{EEA81598-A688-4171-8786-1C520E714072}.Release|Win32.Build.0 = Release|Win32
		{26CF7483-6AAD-486B-B940-B34AAE902C3D}.Debug|Win32.ActiveCfg = Debug|Win32
		{26CF7483-6AAD-486B-B940-B34AAE902C3D}.Debug|Win32.Build.0 = Debug|Win32
		{26CF7483-6AAD-486B-B940-B34AAE902C3D}.Release|Win32.ActiveCfg = Release|Win32
		{26CF7483-6AAD-486B-B940-B34AAE902C3D}.Release|Win32.Build.0 = Release|Win32
		{6E6A2B4C-9E99-4DBF-A63E-A03EC65205B1}.Debug|Win32.ActiveCfg = Debug|Win32
		{6E6A2B4C-9E99-4DBF-A63E-A03EC65205B1}.Debug|Win32.Build.0 = Debug|Win32
		{6E6A2B4C-9E99-4DBF-A63E-A03EC65205B1}.Release|Win32.ActiveCfg = Release|Win32
		{6E6A2B4C-9E99-4DBF-A63E-A03EC65205B1}.Release|Win32.Build.0 = Release|Win32
		{FD306D48-6BF2-4819-9EB4-9B6534BA0D27}.Debug|Win32.ActiveCfg = Debug|Win32
		{FD306D48-6BF2-4819-9EB4-9B6534BA0D27}.Debug|Win32.Build.0 = Debug|Win32
		{FD306D48-6BF2-4819-9EB4-9B6534BA0D27}.Release|Win32.ActiveCfg = Release|Win32
		{FD306D48-6BF2-4819-9EB4-9B6534BA0D27}.Release|Win32.Build.0 = Release|Win32
		{7257F500-0AEB-455F-8D67-15DC3FF18056}.Debug|Win32.ActiveCfg = Debug|Win32
		{7257F500-0AEB-455F-8D67-15DC3FF18056}.Debug|Win32.Build.0 = Debug|Win32
		{7257F500-0AEB-455F-8D67-15DC3FF18056}.Release|Win32.ActiveCfg = Release|Win32
		{7257F500-0AEB-455F-8D67-15DC3FF18056}.Release|Win32.Build.0 = Release|Win32
		{6FCC7D75-E45D-4850-9156-10F726C79FB3}.Debug|Win32.ActiveCfg = Debug|Win32
		{6FCC7D75-E45D-4850-9156-10F726C79FB3}.Debug|Win32.Build.0 = Debug|Win32
		{6FCC7D75-E45D-4850-9156-10F726C79FB3}.Release|Win32.ActiveCfg = Release|Win32
		{6FCC7D75-E45D-4850-9156-10F726C79FB3}.Release|Win32.Build.0 = Release|Win32
		{EFD68A2D-1735-48F5-A7C5-0C0FA7B8BB48}.Debug|Win32.ActiveCfg = Debug|Win32
		{EFD68A2D-1735-48F5-A7C5-0C0FA7B8BB48}.Debug|Win32.Build.0 = Debug|Win32
		{EFD68A2D-1735-48F5-A7C5-0C0FA7B8BB48}.Release|Win32.ActiveCfg = Release|Win32
		{EFD68A2D-1735-48F5-A7C5-0C0FA7B8BB48}.Release|Win32.Build.0 = Release|Win32
		{C9D9DFC2-A788-4C4E-8FC2-C068AC88C8BD}.Debug|Win32.ActiveCfg = Debug|Win32
		{C9D9DFC2-A788-4C4E-8FC2-C068AC88C8BD}.Debug|Win32.Build.0 = Debug|Win32
		{C9D9DFC2-A788-4C4E-8FC2-C068AC88C8BD}.Release|Win32.ActiveCfg = Release|Win32
		{C9D9DFC2-A788-4C4E-8FC2-C068AC88C8BD}.Release|Win32.Build.0 = Release|Win32
	EndGlobalSection
	GlobalSection(SolutionProperties) = preSolution
		HideSolutionNode = FALSE
	EndGlobalSection
EndGlobal
